// !$*UTF8*$!
{
	archiveVersion = 1;
	classes = {
	};
	objectVersion = 55;
	objects = {

/* Begin PBXBuildFile section */
		9A5B017828BFD84C00C471CD /* ReactiveWeatherApp.swift in Sources */ = {isa = PBXBuildFile; fileRef = 9A5B015028BFD84A00C471CD /* ReactiveWeatherApp.swift */; };
		9A5B017928BFD84C00C471CD /* ReactiveWeatherApp.swift in Sources */ = {isa = PBXBuildFile; fileRef = 9A5B015028BFD84A00C471CD /* ReactiveWeatherApp.swift */; };
		9A5B017C28BFD84C00C471CD /* Assets.xcassets in Resources */ = {isa = PBXBuildFile; fileRef = 9A5B015228BFD84C00C471CD /* Assets.xcassets */; };
		9A5B017D28BFD84C00C471CD /* Assets.xcassets in Resources */ = {isa = PBXBuildFile; fileRef = 9A5B015228BFD84C00C471CD /* Assets.xcassets */; };
		9AB1037028C268AD0036CC25 /* CitiesView.swift in Sources */ = {isa = PBXBuildFile; fileRef = 9AB1036F28C268AD0036CC25 /* CitiesView.swift */; };
		9AB1037128C268AD0036CC25 /* CitiesView.swift in Sources */ = {isa = PBXBuildFile; fileRef = 9AB1036F28C268AD0036CC25 /* CitiesView.swift */; };
		9AB1037328C26E130036CC25 /* CitiesStore.swift in Sources */ = {isa = PBXBuildFile; fileRef = 9AB1037228C26E130036CC25 /* CitiesStore.swift */; };
		9AB1037428C26E130036CC25 /* CitiesStore.swift in Sources */ = {isa = PBXBuildFile; fileRef = 9AB1037228C26E130036CC25 /* CitiesStore.swift */; };
		9AB1037628C2715D0036CC25 /* CitiesIntent.swift in Sources */ = {isa = PBXBuildFile; fileRef = 9AB1037528C2715D0036CC25 /* CitiesIntent.swift */; };
		9AB1037728C2715D0036CC25 /* CitiesIntent.swift in Sources */ = {isa = PBXBuildFile; fileRef = 9AB1037528C2715D0036CC25 /* CitiesIntent.swift */; };
		9AB1037928C271B60036CC25 /* CitiesState.swift in Sources */ = {isa = PBXBuildFile; fileRef = 9AB1037828C271B60036CC25 /* CitiesState.swift */; };
		9AB1037A28C271B60036CC25 /* CitiesState.swift in Sources */ = {isa = PBXBuildFile; fileRef = 9AB1037828C271B60036CC25 /* CitiesState.swift */; };
		9AB1037C28C273250036CC25 /* City.swift in Sources */ = {isa = PBXBuildFile; fileRef = 9AB1037B28C273250036CC25 /* City.swift */; };
		9AB1037D28C273250036CC25 /* City.swift in Sources */ = {isa = PBXBuildFile; fileRef = 9AB1037B28C273250036CC25 /* City.swift */; };
		9AB1037F28C277050036CC25 /* CitiesManager.swift in Sources */ = {isa = PBXBuildFile; fileRef = 9AB1037E28C277050036CC25 /* CitiesManager.swift */; };
		9AB1038028C277050036CC25 /* CitiesManager.swift in Sources */ = {isa = PBXBuildFile; fileRef = 9AB1037E28C277050036CC25 /* CitiesManager.swift */; };
		9AB1038628C375910036CC25 /* SearchBar.swift in Sources */ = {isa = PBXBuildFile; fileRef = 9AB1038528C375910036CC25 /* SearchBar.swift */; };
		9AB1038728C375910036CC25 /* SearchBar.swift in Sources */ = {isa = PBXBuildFile; fileRef = 9AB1038528C375910036CC25 /* SearchBar.swift */; };
		9AB1038928C38F480036CC25 /* TextField+bind.swift in Sources */ = {isa = PBXBuildFile; fileRef = 9AB1038828C38F480036CC25 /* TextField+bind.swift */; };
		9AB1038A28C38F480036CC25 /* TextField+bind.swift in Sources */ = {isa = PBXBuildFile; fileRef = 9AB1038828C38F480036CC25 /* TextField+bind.swift */; };
/* End PBXBuildFile section */

/* Begin PBXContainerItemProxy section */
		9A5B016528BFD84C00C471CD /* PBXContainerItemProxy */ = {
			isa = PBXContainerItemProxy;
			containerPortal = 9A5B014B28BFD84A00C471CD /* Project object */;
			proxyType = 1;
			remoteGlobalIDString = 9A5B015628BFD84C00C471CD;
			remoteInfo = "ReactiveWeather (iOS)";
		};
		9A5B017128BFD84C00C471CD /* PBXContainerItemProxy */ = {
			isa = PBXContainerItemProxy;
			containerPortal = 9A5B014B28BFD84A00C471CD /* Project object */;
			proxyType = 1;
			remoteGlobalIDString = 9A5B015C28BFD84C00C471CD;
			remoteInfo = "ReactiveWeather (macOS)";
		};
/* End PBXContainerItemProxy section */

/* Begin PBXFileReference section */
		9A5B015028BFD84A00C471CD /* ReactiveWeatherApp.swift */ = {isa = PBXFileReference; lastKnownFileType = sourcecode.swift; path = ReactiveWeatherApp.swift; sourceTree = "<group>"; };
		9A5B015228BFD84C00C471CD /* Assets.xcassets */ = {isa = PBXFileReference; lastKnownFileType = folder.assetcatalog; path = Assets.xcassets; sourceTree = "<group>"; };
		9A5B015728BFD84C00C471CD /* ReactiveWeather.app */ = {isa = PBXFileReference; explicitFileType = wrapper.application; includeInIndex = 0; path = ReactiveWeather.app; sourceTree = BUILT_PRODUCTS_DIR; };
		9A5B015D28BFD84C00C471CD /* ReactiveWeather.app */ = {isa = PBXFileReference; explicitFileType = wrapper.application; includeInIndex = 0; path = ReactiveWeather.app; sourceTree = BUILT_PRODUCTS_DIR; };
		9A5B015F28BFD84C00C471CD /* macOS.entitlements */ = {isa = PBXFileReference; lastKnownFileType = text.plist.entitlements; path = macOS.entitlements; sourceTree = "<group>"; };
		9A5B016428BFD84C00C471CD /* Tests iOS.xctest */ = {isa = PBXFileReference; explicitFileType = wrapper.cfbundle; includeInIndex = 0; path = "Tests iOS.xctest"; sourceTree = BUILT_PRODUCTS_DIR; };
		9A5B017028BFD84C00C471CD /* Tests macOS.xctest */ = {isa = PBXFileReference; explicitFileType = wrapper.cfbundle; includeInIndex = 0; path = "Tests macOS.xctest"; sourceTree = BUILT_PRODUCTS_DIR; };
		9AB1036F28C268AD0036CC25 /* CitiesView.swift */ = {isa = PBXFileReference; lastKnownFileType = sourcecode.swift; path = CitiesView.swift; sourceTree = "<group>"; };
		9AB1037228C26E130036CC25 /* CitiesStore.swift */ = {isa = PBXFileReference; lastKnownFileType = sourcecode.swift; path = CitiesStore.swift; sourceTree = "<group>"; };
		9AB1037528C2715D0036CC25 /* CitiesIntent.swift */ = {isa = PBXFileReference; lastKnownFileType = sourcecode.swift; path = CitiesIntent.swift; sourceTree = "<group>"; };
		9AB1037828C271B60036CC25 /* CitiesState.swift */ = {isa = PBXFileReference; lastKnownFileType = sourcecode.swift; path = CitiesState.swift; sourceTree = "<group>"; };
		9AB1037B28C273250036CC25 /* City.swift */ = {isa = PBXFileReference; lastKnownFileType = sourcecode.swift; path = City.swift; sourceTree = "<group>"; };
		9AB1037E28C277050036CC25 /* CitiesManager.swift */ = {isa = PBXFileReference; lastKnownFileType = sourcecode.swift; path = CitiesManager.swift; sourceTree = "<group>"; };
		9AB1038528C375910036CC25 /* SearchBar.swift */ = {isa = PBXFileReference; lastKnownFileType = sourcecode.swift; path = SearchBar.swift; sourceTree = "<group>"; };
		9AB1038828C38F480036CC25 /* TextField+bind.swift */ = {isa = PBXFileReference; lastKnownFileType = sourcecode.swift; path = "TextField+bind.swift"; sourceTree = "<group>"; };
/* End PBXFileReference section */

/* Begin PBXFrameworksBuildPhase section */
		9A5B015428BFD84C00C471CD /* Frameworks */ = {
			isa = PBXFrameworksBuildPhase;
			buildActionMask = 2147483647;
			files = (
			);
			runOnlyForDeploymentPostprocessing = 0;
		};
		9A5B015A28BFD84C00C471CD /* Frameworks */ = {
			isa = PBXFrameworksBuildPhase;
			buildActionMask = 2147483647;
			files = (
			);
			runOnlyForDeploymentPostprocessing = 0;
		};
		9A5B016128BFD84C00C471CD /* Frameworks */ = {
			isa = PBXFrameworksBuildPhase;
			buildActionMask = 2147483647;
			files = (
			);
			runOnlyForDeploymentPostprocessing = 0;
		};
		9A5B016D28BFD84C00C471CD /* Frameworks */ = {
			isa = PBXFrameworksBuildPhase;
			buildActionMask = 2147483647;
			files = (
			);
			runOnlyForDeploymentPostprocessing = 0;
		};
/* End PBXFrameworksBuildPhase section */

/* Begin PBXGroup section */
		9A5B014A28BFD84A00C471CD = {
			isa = PBXGroup;
			children = (
				9A5B014F28BFD84A00C471CD /* Shared */,
				9A5B015E28BFD84C00C471CD /* macOS */,
				9A5B015828BFD84C00C471CD /* Products */,
			);
			sourceTree = "<group>";
		};
		9A5B014F28BFD84A00C471CD /* Shared */ = {
			isa = PBXGroup;
			children = (
				9A5B015028BFD84A00C471CD /* ReactiveWeatherApp.swift */,
				9A5B015228BFD84C00C471CD /* Assets.xcassets */,
				9AB1036F28C268AD0036CC25 /* CitiesView.swift */,
				9AB1037228C26E130036CC25 /* CitiesStore.swift */,
				9AB1037528C2715D0036CC25 /* CitiesIntent.swift */,
				9AB1037828C271B60036CC25 /* CitiesState.swift */,
				9AB1037B28C273250036CC25 /* City.swift */,
				9AB1037E28C277050036CC25 /* CitiesManager.swift */,
				9AB1038428C3757A0036CC25 /* CommonViews */,
				9AB1038B28C38F4C0036CC25 /* Extensions */,
			);
			path = Shared;
			sourceTree = "<group>";
		};
		9A5B015828BFD84C00C471CD /* Products */ = {
			isa = PBXGroup;
			children = (
				9A5B015728BFD84C00C471CD /* ReactiveWeather.app */,
				9A5B015D28BFD84C00C471CD /* ReactiveWeather.app */,
				9A5B016428BFD84C00C471CD /* Tests iOS.xctest */,
				9A5B017028BFD84C00C471CD /* Tests macOS.xctest */,
			);
			name = Products;
			sourceTree = "<group>";
		};
		9A5B015E28BFD84C00C471CD /* macOS */ = {
			isa = PBXGroup;
			children = (
				9A5B015F28BFD84C00C471CD /* macOS.entitlements */,
			);
			path = macOS;
			sourceTree = "<group>";
		};
		9AB1038428C3757A0036CC25 /* CommonViews */ = {
			isa = PBXGroup;
			children = (
				9AB1038528C375910036CC25 /* SearchBar.swift */,
			);
			path = CommonViews;
			sourceTree = "<group>";
		};
		9AB1038B28C38F4C0036CC25 /* Extensions */ = {
			isa = PBXGroup;
			children = (
				9AB1038828C38F480036CC25 /* TextField+bind.swift */,
			);
			path = Extensions;
			sourceTree = "<group>";
		};
/* End PBXGroup section */

/* Begin PBXNativeTarget section */
		9A5B015628BFD84C00C471CD /* ReactiveWeather (iOS) */ = {
			isa = PBXNativeTarget;
			buildConfigurationList = 9A5B018028BFD84C00C471CD /* Build configuration list for PBXNativeTarget "ReactiveWeather (iOS)" */;
			buildPhases = (
				9A5B015328BFD84C00C471CD /* Sources */,
				9A5B015428BFD84C00C471CD /* Frameworks */,
				9A5B015528BFD84C00C471CD /* Resources */,
			);
			buildRules = (
			);
			dependencies = (
			);
			name = "ReactiveWeather (iOS)";
			packageProductDependencies = (
			);
			productName = "ReactiveWeather (iOS)";
			productReference = 9A5B015728BFD84C00C471CD /* ReactiveWeather.app */;
			productType = "com.apple.product-type.application";
		};
		9A5B015C28BFD84C00C471CD /* ReactiveWeather (macOS) */ = {
			isa = PBXNativeTarget;
			buildConfigurationList = 9A5B018328BFD84C00C471CD /* Build configuration list for PBXNativeTarget "ReactiveWeather (macOS)" */;
			buildPhases = (
				9A5B015928BFD84C00C471CD /* Sources */,
				9A5B015A28BFD84C00C471CD /* Frameworks */,
				9A5B015B28BFD84C00C471CD /* Resources */,
			);
			buildRules = (
			);
			dependencies = (
			);
			name = "ReactiveWeather (macOS)";
			productName = "ReactiveWeather (macOS)";
			productReference = 9A5B015D28BFD84C00C471CD /* ReactiveWeather.app */;
			productType = "com.apple.product-type.application";
		};
		9A5B016328BFD84C00C471CD /* Tests iOS */ = {
			isa = PBXNativeTarget;
			buildConfigurationList = 9A5B018628BFD84C00C471CD /* Build configuration list for PBXNativeTarget "Tests iOS" */;
			buildPhases = (
				9A5B016028BFD84C00C471CD /* Sources */,
				9A5B016128BFD84C00C471CD /* Frameworks */,
				9A5B016228BFD84C00C471CD /* Resources */,
			);
			buildRules = (
			);
			dependencies = (
				9A5B016628BFD84C00C471CD /* PBXTargetDependency */,
			);
			name = "Tests iOS";
			productName = "Tests iOS";
			productReference = 9A5B016428BFD84C00C471CD /* Tests iOS.xctest */;
			productType = "com.apple.product-type.bundle.ui-testing";
		};
		9A5B016F28BFD84C00C471CD /* Tests macOS */ = {
			isa = PBXNativeTarget;
			buildConfigurationList = 9A5B018928BFD84C00C471CD /* Build configuration list for PBXNativeTarget "Tests macOS" */;
			buildPhases = (
				9A5B016C28BFD84C00C471CD /* Sources */,
				9A5B016D28BFD84C00C471CD /* Frameworks */,
				9A5B016E28BFD84C00C471CD /* Resources */,
			);
			buildRules = (
			);
			dependencies = (
				9A5B017228BFD84C00C471CD /* PBXTargetDependency */,
			);
			name = "Tests macOS";
			productName = "Tests macOS";
			productReference = 9A5B017028BFD84C00C471CD /* Tests macOS.xctest */;
			productType = "com.apple.product-type.bundle.ui-testing";
		};
/* End PBXNativeTarget section */

/* Begin PBXProject section */
		9A5B014B28BFD84A00C471CD /* Project object */ = {
			isa = PBXProject;
			attributes = {
				BuildIndependentTargetsInParallel = 1;
				LastSwiftUpdateCheck = 1340;
				LastUpgradeCheck = 1340;
				TargetAttributes = {
					9A5B015628BFD84C00C471CD = {
						CreatedOnToolsVersion = 13.4.1;
					};
					9A5B015C28BFD84C00C471CD = {
						CreatedOnToolsVersion = 13.4.1;
					};
					9A5B016328BFD84C00C471CD = {
						CreatedOnToolsVersion = 13.4.1;
						TestTargetID = 9A5B015628BFD84C00C471CD;
					};
					9A5B016F28BFD84C00C471CD = {
						CreatedOnToolsVersion = 13.4.1;
						TestTargetID = 9A5B015C28BFD84C00C471CD;
					};
				};
			};
			buildConfigurationList = 9A5B014E28BFD84A00C471CD /* Build configuration list for PBXProject "ReactiveWeather" */;
			compatibilityVersion = "Xcode 13.0";
			developmentRegion = en;
			hasScannedForEncodings = 0;
			knownRegions = (
				en,
				Base,
			);
			mainGroup = 9A5B014A28BFD84A00C471CD;
			packageReferences = (
			);
			productRefGroup = 9A5B015828BFD84C00C471CD /* Products */;
			projectDirPath = "";
			projectRoot = "";
			targets = (
				9A5B015628BFD84C00C471CD /* ReactiveWeather (iOS) */,
				9A5B015C28BFD84C00C471CD /* ReactiveWeather (macOS) */,
				9A5B016328BFD84C00C471CD /* Tests iOS */,
				9A5B016F28BFD84C00C471CD /* Tests macOS */,
			);
		};
/* End PBXProject section */

/* Begin PBXResourcesBuildPhase section */
		9A5B015528BFD84C00C471CD /* Resources */ = {
			isa = PBXResourcesBuildPhase;
			buildActionMask = 2147483647;
			files = (
				9A5B017C28BFD84C00C471CD /* Assets.xcassets in Resources */,
			);
			runOnlyForDeploymentPostprocessing = 0;
		};
		9A5B015B28BFD84C00C471CD /* Resources */ = {
			isa = PBXResourcesBuildPhase;
			buildActionMask = 2147483647;
			files = (
				9A5B017D28BFD84C00C471CD /* Assets.xcassets in Resources */,
			);
			runOnlyForDeploymentPostprocessing = 0;
		};
		9A5B016228BFD84C00C471CD /* Resources */ = {
			isa = PBXResourcesBuildPhase;
			buildActionMask = 2147483647;
			files = (
			);
			runOnlyForDeploymentPostprocessing = 0;
		};
		9A5B016E28BFD84C00C471CD /* Resources */ = {
			isa = PBXResourcesBuildPhase;
			buildActionMask = 2147483647;
			files = (
			);
			runOnlyForDeploymentPostprocessing = 0;
		};
/* End PBXResourcesBuildPhase section */

/* Begin PBXSourcesBuildPhase section */
		9A5B015328BFD84C00C471CD /* Sources */ = {
			isa = PBXSourcesBuildPhase;
			buildActionMask = 2147483647;
			files = (
				9AB1037028C268AD0036CC25 /* CitiesView.swift in Sources */,
				9AB1037F28C277050036CC25 /* CitiesManager.swift in Sources */,
				9A5B017828BFD84C00C471CD /* ReactiveWeatherApp.swift in Sources */,
				9AB1038928C38F480036CC25 /* TextField+bind.swift in Sources */,
				9AB1037C28C273250036CC25 /* City.swift in Sources */,
				9AB1038628C375910036CC25 /* SearchBar.swift in Sources */,
				9AB1037928C271B60036CC25 /* CitiesState.swift in Sources */,
				9AB1037628C2715D0036CC25 /* CitiesIntent.swift in Sources */,
				9AB1037328C26E130036CC25 /* CitiesStore.swift in Sources */,
			);
			runOnlyForDeploymentPostprocessing = 0;
		};
		9A5B015928BFD84C00C471CD /* Sources */ = {
			isa = PBXSourcesBuildPhase;
			buildActionMask = 2147483647;
			files = (
				9AB1037128C268AD0036CC25 /* CitiesView.swift in Sources */,
				9AB1038028C277050036CC25 /* CitiesManager.swift in Sources */,
				9A5B017928BFD84C00C471CD /* ReactiveWeatherApp.swift in Sources */,
				9AB1038A28C38F480036CC25 /* TextField+bind.swift in Sources */,
				9AB1037D28C273250036CC25 /* City.swift in Sources */,
				9AB1038728C375910036CC25 /* SearchBar.swift in Sources */,
				9AB1037A28C271B60036CC25 /* CitiesState.swift in Sources */,
				9AB1037728C2715D0036CC25 /* CitiesIntent.swift in Sources */,
				9AB1037428C26E130036CC25 /* CitiesStore.swift in Sources */,
			);
			runOnlyForDeploymentPostprocessing = 0;
		};
		9A5B016028BFD84C00C471CD /* Sources */ = {
			isa = PBXSourcesBuildPhase;
			buildActionMask = 2147483647;
			files = (
			);
			runOnlyForDeploymentPostprocessing = 0;
		};
		9A5B016C28BFD84C00C471CD /* Sources */ = {
			isa = PBXSourcesBuildPhase;
			buildActionMask = 2147483647;
			files = (
			);
			runOnlyForDeploymentPostprocessing = 0;
		};
/* End PBXSourcesBuildPhase section */

/* Begin PBXTargetDependency section */
		9A5B016628BFD84C00C471CD /* PBXTargetDependency */ = {
			isa = PBXTargetDependency;
			target = 9A5B015628BFD84C00C471CD /* ReactiveWeather (iOS) */;
			targetProxy = 9A5B016528BFD84C00C471CD /* PBXContainerItemProxy */;
		};
		9A5B017228BFD84C00C471CD /* PBXTargetDependency */ = {
			isa = PBXTargetDependency;
			target = 9A5B015C28BFD84C00C471CD /* ReactiveWeather (macOS) */;
			targetProxy = 9A5B017128BFD84C00C471CD /* PBXContainerItemProxy */;
		};
/* End PBXTargetDependency section */

/* Begin XCBuildConfiguration section */
		9A5B017E28BFD84C00C471CD /* Debug */ = {
			isa = XCBuildConfiguration;
			buildSettings = {
				ALWAYS_SEARCH_USER_PATHS = NO;
				CLANG_ANALYZER_NONNULL = YES;
				CLANG_ANALYZER_NUMBER_OBJECT_CONVERSION = YES_AGGRESSIVE;
				CLANG_CXX_LANGUAGE_STANDARD = "gnu++17";
				CLANG_ENABLE_MODULES = YES;
				CLANG_ENABLE_OBJC_ARC = YES;
				CLANG_ENABLE_OBJC_WEAK = YES;
				CLANG_WARN_BLOCK_CAPTURE_AUTORELEASING = YES;
				CLANG_WARN_BOOL_CONVERSION = YES;
				CLANG_WARN_COMMA = YES;
				CLANG_WARN_CONSTANT_CONVERSION = YES;
				CLANG_WARN_DEPRECATED_OBJC_IMPLEMENTATIONS = YES;
				CLANG_WARN_DIRECT_OBJC_ISA_USAGE = YES_ERROR;
				CLANG_WARN_DOCUMENTATION_COMMENTS = YES;
				CLANG_WARN_EMPTY_BODY = YES;
				CLANG_WARN_ENUM_CONVERSION = YES;
				CLANG_WARN_INFINITE_RECURSION = YES;
				CLANG_WARN_INT_CONVERSION = YES;
				CLANG_WARN_NON_LITERAL_NULL_CONVERSION = YES;
				CLANG_WARN_OBJC_IMPLICIT_RETAIN_SELF = YES;
				CLANG_WARN_OBJC_LITERAL_CONVERSION = YES;
				CLANG_WARN_OBJC_ROOT_CLASS = YES_ERROR;
				CLANG_WARN_QUOTED_INCLUDE_IN_FRAMEWORK_HEADER = YES;
				CLANG_WARN_RANGE_LOOP_ANALYSIS = YES;
				CLANG_WARN_STRICT_PROTOTYPES = YES;
				CLANG_WARN_SUSPICIOUS_MOVE = YES;
				CLANG_WARN_UNGUARDED_AVAILABILITY = YES_AGGRESSIVE;
				CLANG_WARN_UNREACHABLE_CODE = YES;
				CLANG_WARN__DUPLICATE_METHOD_MATCH = YES;
				COPY_PHASE_STRIP = NO;
				DEBUG_INFORMATION_FORMAT = dwarf;
				ENABLE_STRICT_OBJC_MSGSEND = YES;
				ENABLE_TESTABILITY = YES;
				GCC_C_LANGUAGE_STANDARD = gnu11;
				GCC_DYNAMIC_NO_PIC = NO;
				GCC_NO_COMMON_BLOCKS = YES;
				GCC_OPTIMIZATION_LEVEL = 0;
				GCC_PREPROCESSOR_DEFINITIONS = (
					"DEBUG=1",
					"$(inherited)",
				);
				GCC_WARN_64_TO_32_BIT_CONVERSION = YES;
				GCC_WARN_ABOUT_RETURN_TYPE = YES_ERROR;
				GCC_WARN_UNDECLARED_SELECTOR = YES;
				GCC_WARN_UNINITIALIZED_AUTOS = YES_AGGRESSIVE;
				GCC_WARN_UNUSED_FUNCTION = YES;
				GCC_WARN_UNUSED_VARIABLE = YES;
				MTL_ENABLE_DEBUG_INFO = INCLUDE_SOURCE;
				MTL_FAST_MATH = YES;
				ONLY_ACTIVE_ARCH = YES;
				SWIFT_ACTIVE_COMPILATION_CONDITIONS = DEBUG;
				SWIFT_OPTIMIZATION_LEVEL = "-Onone";
			};
			name = Debug;
		};
		9A5B017F28BFD84C00C471CD /* Release */ = {
			isa = XCBuildConfiguration;
			buildSettings = {
				ALWAYS_SEARCH_USER_PATHS = NO;
				CLANG_ANALYZER_NONNULL = YES;
				CLANG_ANALYZER_NUMBER_OBJECT_CONVERSION = YES_AGGRESSIVE;
				CLANG_CXX_LANGUAGE_STANDARD = "gnu++17";
				CLANG_ENABLE_MODULES = YES;
				CLANG_ENABLE_OBJC_ARC = YES;
				CLANG_ENABLE_OBJC_WEAK = YES;
				CLANG_WARN_BLOCK_CAPTURE_AUTORELEASING = YES;
				CLANG_WARN_BOOL_CONVERSION = YES;
				CLANG_WARN_COMMA = YES;
				CLANG_WARN_CONSTANT_CONVERSION = YES;
				CLANG_WARN_DEPRECATED_OBJC_IMPLEMENTATIONS = YES;
				CLANG_WARN_DIRECT_OBJC_ISA_USAGE = YES_ERROR;
				CLANG_WARN_DOCUMENTATION_COMMENTS = YES;
				CLANG_WARN_EMPTY_BODY = YES;
				CLANG_WARN_ENUM_CONVERSION = YES;
				CLANG_WARN_INFINITE_RECURSION = YES;
				CLANG_WARN_INT_CONVERSION = YES;
				CLANG_WARN_NON_LITERAL_NULL_CONVERSION = YES;
				CLANG_WARN_OBJC_IMPLICIT_RETAIN_SELF = YES;
				CLANG_WARN_OBJC_LITERAL_CONVERSION = YES;
				CLANG_WARN_OBJC_ROOT_CLASS = YES_ERROR;
				CLANG_WARN_QUOTED_INCLUDE_IN_FRAMEWORK_HEADER = YES;
				CLANG_WARN_RANGE_LOOP_ANALYSIS = YES;
				CLANG_WARN_STRICT_PROTOTYPES = YES;
				CLANG_WARN_SUSPICIOUS_MOVE = YES;
				CLANG_WARN_UNGUARDED_AVAILABILITY = YES_AGGRESSIVE;
				CLANG_WARN_UNREACHABLE_CODE = YES;
				CLANG_WARN__DUPLICATE_METHOD_MATCH = YES;
				COPY_PHASE_STRIP = NO;
				DEBUG_INFORMATION_FORMAT = "dwarf-with-dsym";
				ENABLE_NS_ASSERTIONS = NO;
				ENABLE_STRICT_OBJC_MSGSEND = YES;
				GCC_C_LANGUAGE_STANDARD = gnu11;
				GCC_NO_COMMON_BLOCKS = YES;
				GCC_WARN_64_TO_32_BIT_CONVERSION = YES;
				GCC_WARN_ABOUT_RETURN_TYPE = YES_ERROR;
				GCC_WARN_UNDECLARED_SELECTOR = YES;
				GCC_WARN_UNINITIALIZED_AUTOS = YES_AGGRESSIVE;
				GCC_WARN_UNUSED_FUNCTION = YES;
				GCC_WARN_UNUSED_VARIABLE = YES;
				MTL_ENABLE_DEBUG_INFO = NO;
				MTL_FAST_MATH = YES;
				SWIFT_COMPILATION_MODE = wholemodule;
				SWIFT_OPTIMIZATION_LEVEL = "-O";
			};
			name = Release;
		};
		9A5B018128BFD84C00C471CD /* Debug */ = {
			isa = XCBuildConfiguration;
			buildSettings = {
				ASSETCATALOG_COMPILER_APPICON_NAME = AppIcon;
				ASSETCATALOG_COMPILER_GLOBAL_ACCENT_COLOR_NAME = AccentColor;
				CODE_SIGN_STYLE = Automatic;
				CURRENT_PROJECT_VERSION = 1;
				DEVELOPMENT_TEAM = QVKQSTGJ53;
				ENABLE_PREVIEWS = YES;
				GENERATE_INFOPLIST_FILE = YES;
				INFOPLIST_KEY_UIApplicationSceneManifest_Generation = YES;
				INFOPLIST_KEY_UIApplicationSupportsIndirectInputEvents = YES;
				INFOPLIST_KEY_UILaunchScreen_Generation = YES;
				INFOPLIST_KEY_UISupportedInterfaceOrientations_iPad = "UIInterfaceOrientationPortrait UIInterfaceOrientationPortraitUpsideDown UIInterfaceOrientationLandscapeLeft UIInterfaceOrientationLandscapeRight";
				INFOPLIST_KEY_UISupportedInterfaceOrientations_iPhone = "UIInterfaceOrientationPortrait UIInterfaceOrientationLandscapeLeft UIInterfaceOrientationLandscapeRight";
				IPHONEOS_DEPLOYMENT_TARGET = 15.5;
				LD_RUNPATH_SEARCH_PATHS = (
					"$(inherited)",
					"@executable_path/Frameworks",
				);
				MARKETING_VERSION = 1.0;
				PRODUCT_BUNDLE_IDENTIFIER = ie.grigorii.belousov.ReactiveWeather;
				PRODUCT_NAME = ReactiveWeather;
				SDKROOT = iphoneos;
				SWIFT_EMIT_LOC_STRINGS = YES;
				SWIFT_VERSION = 5.0;
				TARGETED_DEVICE_FAMILY = "1,2";
			};
			name = Debug;
		};
		9A5B018228BFD84C00C471CD /* Release */ = {
			isa = XCBuildConfiguration;
			buildSettings = {
				ASSETCATALOG_COMPILER_APPICON_NAME = AppIcon;
				ASSETCATALOG_COMPILER_GLOBAL_ACCENT_COLOR_NAME = AccentColor;
				CODE_SIGN_STYLE = Automatic;
				CURRENT_PROJECT_VERSION = 1;
				DEVELOPMENT_TEAM = QVKQSTGJ53;
				ENABLE_PREVIEWS = YES;
				GENERATE_INFOPLIST_FILE = YES;
				INFOPLIST_KEY_UIApplicationSceneManifest_Generation = YES;
				INFOPLIST_KEY_UIApplicationSupportsIndirectInputEvents = YES;
				INFOPLIST_KEY_UILaunchScreen_Generation = YES;
				INFOPLIST_KEY_UISupportedInterfaceOrientations_iPad = "UIInterfaceOrientationPortrait UIInterfaceOrientationPortraitUpsideDown UIInterfaceOrientationLandscapeLeft UIInterfaceOrientationLandscapeRight";
				INFOPLIST_KEY_UISupportedInterfaceOrientations_iPhone = "UIInterfaceOrientationPortrait UIInterfaceOrientationLandscapeLeft UIInterfaceOrientationLandscapeRight";
				IPHONEOS_DEPLOYMENT_TARGET = 15.5;
				LD_RUNPATH_SEARCH_PATHS = (
					"$(inherited)",
					"@executable_path/Frameworks",
				);
				MARKETING_VERSION = 1.0;
				PRODUCT_BUNDLE_IDENTIFIER = ie.grigorii.belousov.ReactiveWeather;
				PRODUCT_NAME = ReactiveWeather;
				SDKROOT = iphoneos;
				SWIFT_EMIT_LOC_STRINGS = YES;
				SWIFT_VERSION = 5.0;
				TARGETED_DEVICE_FAMILY = "1,2";
				VALIDATE_PRODUCT = YES;
			};
			name = Release;
		};
		9A5B018428BFD84C00C471CD /* Debug */ = {
			isa = XCBuildConfiguration;
			buildSettings = {
				ASSETCATALOG_COMPILER_APPICON_NAME = AppIcon;
				ASSETCATALOG_COMPILER_GLOBAL_ACCENT_COLOR_NAME = AccentColor;
				CODE_SIGN_ENTITLEMENTS = macOS/macOS.entitlements;
				CODE_SIGN_STYLE = Automatic;
				COMBINE_HIDPI_IMAGES = YES;
				CURRENT_PROJECT_VERSION = 1;
				DEVELOPMENT_TEAM = QVKQSTGJ53;
				ENABLE_HARDENED_RUNTIME = YES;
				ENABLE_PREVIEWS = YES;
				GENERATE_INFOPLIST_FILE = YES;
				INFOPLIST_KEY_NSHumanReadableCopyright = "";
				LD_RUNPATH_SEARCH_PATHS = (
					"$(inherited)",
					"@executable_path/../Frameworks",
				);
				MACOSX_DEPLOYMENT_TARGET = 12.2;
				MARKETING_VERSION = 1.0;
				PRODUCT_BUNDLE_IDENTIFIER = ie.grigorii.belousov.ReactiveWeather;
				PRODUCT_NAME = ReactiveWeather;
				SDKROOT = macosx;
				SWIFT_EMIT_LOC_STRINGS = YES;
				SWIFT_VERSION = 5.0;
			};
			name = Debug;
		};
		9A5B018528BFD84C00C471CD /* Release */ = {
			isa = XCBuildConfiguration;
			buildSettings = {
				ASSETCATALOG_COMPILER_APPICON_NAME = AppIcon;
				ASSETCATALOG_COMPILER_GLOBAL_ACCENT_COLOR_NAME = AccentColor;
				CODE_SIGN_ENTITLEMENTS = macOS/macOS.entitlements;
				CODE_SIGN_STYLE = Automatic;
				COMBINE_HIDPI_IMAGES = YES;
				CURRENT_PROJECT_VERSION = 1;
				DEVELOPMENT_TEAM = QVKQSTGJ53;
				ENABLE_HARDENED_RUNTIME = YES;
				ENABLE_PREVIEWS = YES;
				GENERATE_INFOPLIST_FILE = YES;
				INFOPLIST_KEY_NSHumanReadableCopyright = "";
				LD_RUNPATH_SEARCH_PATHS = (
					"$(inherited)",
					"@executable_path/../Frameworks",
				);
				MACOSX_DEPLOYMENT_TARGET = 12.2;
				MARKETING_VERSION = 1.0;
				PRODUCT_BUNDLE_IDENTIFIER = ie.grigorii.belousov.ReactiveWeather;
				PRODUCT_NAME = ReactiveWeather;
				SDKROOT = macosx;
				SWIFT_EMIT_LOC_STRINGS = YES;
				SWIFT_VERSION = 5.0;
			};
			name = Release;
		};
		9A5B018728BFD84C00C471CD /* Debug */ = {
			isa = XCBuildConfiguration;
			buildSettings = {
				ALWAYS_EMBED_SWIFT_STANDARD_LIBRARIES = YES;
				CODE_SIGN_STYLE = Automatic;
				CURRENT_PROJECT_VERSION = 1;
				DEVELOPMENT_TEAM = QVKQSTGJ53;
				GENERATE_INFOPLIST_FILE = YES;
				IPHONEOS_DEPLOYMENT_TARGET = 15.5;
				MARKETING_VERSION = 1.0;
				PRODUCT_BUNDLE_IDENTIFIER = "ie.grigorii.belousov.Tests-iOS";
				PRODUCT_NAME = "$(TARGET_NAME)";
				SDKROOT = iphoneos;
				SWIFT_EMIT_LOC_STRINGS = NO;
				SWIFT_VERSION = 5.0;
				TARGETED_DEVICE_FAMILY = "1,2";
				TEST_TARGET_NAME = "ReactiveWeather (iOS)";
			};
			name = Debug;
		};
		9A5B018828BFD84C00C471CD /* Release */ = {
			isa = XCBuildConfiguration;
			buildSettings = {
				ALWAYS_EMBED_SWIFT_STANDARD_LIBRARIES = YES;
				CODE_SIGN_STYLE = Automatic;
				CURRENT_PROJECT_VERSION = 1;
				DEVELOPMENT_TEAM = QVKQSTGJ53;
				GENERATE_INFOPLIST_FILE = YES;
				IPHONEOS_DEPLOYMENT_TARGET = 15.5;
				MARKETING_VERSION = 1.0;
				PRODUCT_BUNDLE_IDENTIFIER = "ie.grigorii.belousov.Tests-iOS";
				PRODUCT_NAME = "$(TARGET_NAME)";
				SDKROOT = iphoneos;
				SWIFT_EMIT_LOC_STRINGS = NO;
				SWIFT_VERSION = 5.0;
				TARGETED_DEVICE_FAMILY = "1,2";
				TEST_TARGET_NAME = "ReactiveWeather (iOS)";
				VALIDATE_PRODUCT = YES;
			};
			name = Release;
		};
		9A5B018A28BFD84C00C471CD /* Debug */ = {
			isa = XCBuildConfiguration;
			buildSettings = {
				ALWAYS_EMBED_SWIFT_STANDARD_LIBRARIES = YES;
				CODE_SIGN_STYLE = Automatic;
				CURRENT_PROJECT_VERSION = 1;
				DEVELOPMENT_TEAM = QVKQSTGJ53;
				GENERATE_INFOPLIST_FILE = YES;
				MACOSX_DEPLOYMENT_TARGET = 12.2;
				MARKETING_VERSION = 1.0;
				PRODUCT_BUNDLE_IDENTIFIER = "ie.grigorii.belousov.Tests-macOS";
				PRODUCT_NAME = "$(TARGET_NAME)";
				SDKROOT = macosx;
				SWIFT_EMIT_LOC_STRINGS = NO;
				SWIFT_VERSION = 5.0;
				TEST_TARGET_NAME = "ReactiveWeather (macOS)";
			};
			name = Debug;
		};
		9A5B018B28BFD84C00C471CD /* Release */ = {
			isa = XCBuildConfiguration;
			buildSettings = {
				ALWAYS_EMBED_SWIFT_STANDARD_LIBRARIES = YES;
				CODE_SIGN_STYLE = Automatic;
				CURRENT_PROJECT_VERSION = 1;
				DEVELOPMENT_TEAM = QVKQSTGJ53;
				GENERATE_INFOPLIST_FILE = YES;
				MACOSX_DEPLOYMENT_TARGET = 12.2;
				MARKETING_VERSION = 1.0;
				PRODUCT_BUNDLE_IDENTIFIER = "ie.grigorii.belousov.Tests-macOS";
				PRODUCT_NAME = "$(TARGET_NAME)";
				SDKROOT = macosx;
				SWIFT_EMIT_LOC_STRINGS = NO;
				SWIFT_VERSION = 5.0;
				TEST_TARGET_NAME = "ReactiveWeather (macOS)";
			};
			name = Release;
		};
/* End XCBuildConfiguration section */

/* Begin XCConfigurationList section */
		9A5B014E28BFD84A00C471CD /* Build configuration list for PBXProject "ReactiveWeather" */ = {
			isa = XCConfigurationList;
			buildConfigurations = (
				9A5B017E28BFD84C00C471CD /* Debug */,
				9A5B017F28BFD84C00C471CD /* Release */,
			);
			defaultConfigurationIsVisible = 0;
			defaultConfigurationName = Release;
		};
		9A5B018028BFD84C00C471CD /* Build configuration list for PBXNativeTarget "ReactiveWeather (iOS)" */ = {
			isa = XCConfigurationList;
			buildConfigurations = (
				9A5B018128BFD84C00C471CD /* Debug */,
				9A5B018228BFD84C00C471CD /* Release */,
			);
			defaultConfigurationIsVisible = 0;
			defaultConfigurationName = Release;
		};
		9A5B018328BFD84C00C471CD /* Build configuration list for PBXNativeTarget "ReactiveWeather (macOS)" */ = {
			isa = XCConfigurationList;
			buildConfigurations = (
				9A5B018428BFD84C00C471CD /* Debug */,
				9A5B018528BFD84C00C471CD /* Release */,
			);
			defaultConfigurationIsVisible = 0;
			defaultConfigurationName = Release;
		};
		9A5B018628BFD84C00C471CD /* Build configuration list for PBXNativeTarget "Tests iOS" */ = {
			isa = XCConfigurationList;
			buildConfigurations = (
				9A5B018728BFD84C00C471CD /* Debug */,
				9A5B018828BFD84C00C471CD /* Release */,
			);
			defaultConfigurationIsVisible = 0;
			defaultConfigurationName = Release;
		};
		9A5B018928BFD84C00C471CD /* Build configuration list for PBXNativeTarget "Tests macOS" */ = {
			isa = XCConfigurationList;
			buildConfigurations = (
				9A5B018A28BFD84C00C471CD /* Debug */,
				9A5B018B28BFD84C00C471CD /* Release */,
			);
			defaultConfigurationIsVisible = 0;
			defaultConfigurationName = Release;
		};
/* End XCConfigurationList section */
	};
	rootObject = 9A5B014B28BFD84A00C471CD /* Project object */;
}
